
Microsoft Visual Studio Solution File, Format Version 12.00
# Visual Studio Version 16
VisualStudioVersion = 16.0.29326.143
MinimumVisualStudioVersion = 10.0.40219.1
Project("{9A19103F-16F7-4668-BE54-9A1E7A4F7556}") = "StyletBookStore", "StyletBookStore.csproj", "{C20F1FF5-F89E-4566-9AAF-706EFAECBA22}"
EndProject
Project("{FAE04EC0-301F-11D3-BF4B-00C04F79EFBC}") = "StyletBookStore.Test", "..\test\StyletBookStore.Test\StyletBookStore.Test.csproj", "{C2282010-68AD-44B3-82C5-A561B77C5FD5}"
EndProject
Global
	GlobalSection(SolutionConfigurationPlatforms) = preSolution
		Debug|Any CPU = Debug|Any CPU
		Release|Any CPU = Release|Any CPU
	EndGlobalSection
	GlobalSection(ProjectConfigurationPlatforms) = postSolution
		{C20F1FF5-F89E-4566-9AAF-706EFAECBA22}.Debug|Any CPU.ActiveCfg = Debug|Any CPU
		{C20F1FF5-F89E-4566-9AAF-706EFAECBA22}.Debug|Any CPU.Build.0 = Debug|Any CPU
		{C20F1FF5-F89E-4566-9AAF-706EFAECBA22}.Release|Any CPU.ActiveCfg = Release|Any CPU
		{C20F1FF5-F89E-4566-9AAF-706EFAECBA22}.Release|Any CPU.Build.0 = Release|Any CPU
		{C2282010-68AD-44B3-82C5-A561B77C5FD5}.Debug|Any CPU.ActiveCfg = Debug|Any CPU
		{C2282010-68AD-44B3-82C5-A561B77C5FD5}.Debug|Any CPU.Build.0 = Debug|Any CPU
		{C2282010-68AD-44B3-82C5-A561B77C5FD5}.Release|Any CPU.ActiveCfg = Release|Any CPU
		{C2282010-68AD-44B3-82C5-A561B77C5FD5}.Release|Any CPU.Build.0 = Release|Any CPU
	EndGlobalSection
	GlobalSection(SolutionProperties) = preSolution
		HideSolutionNode = FALSE
	EndGlobalSection
	GlobalSection(ExtensibilityGlobals) = postSolution
		SolutionGuid = {5799D520-B9AF-4F14-A595-651C1CAEEBF0}
	EndGlobalSection
EndGlobal
